Microsoft Visual Studio Solution File, Format Version 12.00
# Visual Studio Version 17
VisualStudioVersion = 17.13.35931.197
MinimumVisualStudioVersion = 10.0.40219.1
Project("{FAE04EC0-301F-11D3-BF4B-00C04F79EFBC}") = "MaksimShimshon.BneiMikra.App", "MaksimShimshon.BneiMikra.App\MaksimShimshon.BneiMikra.App.csproj", "{EC815E24-CB19-4522-BC16-ED5B99945275}"
EndProject
Project("{FAE04EC0-301F-11D3-BF4B-00C04F79EFBC}") = "MaksimShimshon.BneiMikra.App.Shared", "MaksimShimshon.BneiMikra.App.Shared\MaksimShimshon.BneiMikra.App.Shared.csproj", "{1717186E-2034-4F80-A6D1-7C643042F648}"
EndProject
Project("{2150E333-8FDC-42A3-9474-1A3956D46DE8}") = "Solution Items", "Solution Items", "{8EC462FD-D22E-90A8-E5CE-7E832BA40C5D}"
	ProjectSection(SolutionItems) = preProject
		..\..\README.md = ..\..\README.md
	EndProjectSection
EndProject
Project("{FAE04EC0-301F-11D3-BF4B-00C04F79EFBC}") = "MaksimShimshon.BneiMikra.App.Wasm", "..\MaksimShimshon.BneiMikra.App.Wasm\MaksimShimshon.BneiMikra.App.Wasm.csproj", "{B46E4A47-AEF5-4F1C-8B07-F172AC164EF0}"
EndProject
Global
	GlobalSection(SolutionConfigurationPlatforms) = preSolution
		Debug|Any CPU = Debug|Any CPU
		Release|Any CPU = Release|Any CPU
	EndGlobalSection
	GlobalSection(ProjectConfigurationPlatforms) = postSolution
		{EC815E24-CB19-4522-BC16-ED5B99945275}.Debug|Any CPU.ActiveCfg = Debug|Any CPU
		{EC815E24-CB19-4522-BC16-ED5B99945275}.Debug|Any CPU.Build.0 = Debug|Any CPU
		{EC815E24-CB19-4522-BC16-ED5B99945275}.Debug|Any CPU.Deploy.0 = Debug|Any CPU
		{EC815E24-CB19-4522-BC16-ED5B99945275}.Release|Any CPU.ActiveCfg = Release|Any CPU
		{EC815E24-CB19-4522-BC16-ED5B99945275}.Release|Any CPU.Build.0 = Release|Any CPU
		{EC815E24-CB19-4522-BC16-ED5B99945275}.Release|Any CPU.Deploy.0 = Release|Any CPU
		{1717186E-2034-4F80-A6D1-7C643042F648}.Debug|Any CPU.ActiveCfg = Debug|Any CPU
		{1717186E-2034-4F80-A6D1-7C643042F648}.Debug|Any CPU.Build.0 = Debug|Any CPU
		{1717186E-2034-4F80-A6D1-7C643042F648}.Release|Any CPU.ActiveCfg = Release|Any CPU
		{1717186E-2034-4F80-A6D1-7C643042F648}.Release|Any CPU.Build.0 = Release|Any CPU
		{B46E4A47-AEF5-4F1C-8B07-F172AC164EF0}.Debug|Any CPU.ActiveCfg = Debug|Any CPU
		{B46E4A47-AEF5-4F1C-8B07-F172AC164EF0}.Debug|Any CPU.Build.0 = Debug|Any CPU
		{B46E4A47-AEF5-4F1C-8B07-F172AC164EF0}.Release|Any CPU.ActiveCfg = Release|Any CPU
		{B46E4A47-AEF5-4F1C-8B07-F172AC164EF0}.Release|Any CPU.Build.0 = Release|Any CPU
	EndGlobalSection
	GlobalSection(SolutionProperties) = preSolution
		HideSolutionNode = FALSE
	EndGlobalSection
	GlobalSection(ExtensibilityGlobals) = postSolution
		SolutionGuid = {AC02042F-FD8C-4A9B-B06F-425F5F1EEE86}
	EndGlobalSection
EndGlobal
